// !$*UTF8*$!
{
	archiveVersion = 1;
	classes = {
	};
	objectVersion = 56;
	objects = {

/* Begin PBXBuildFile section */
		207C5ED92B70F5830071F281 /* AppDelegate.swift in Sources */ = {isa = PBXBuildFile; fileRef = 207C5ED82B70F5830071F281 /* AppDelegate.swift */; };
		207C5EDB2B70F5830071F281 /* SceneDelegate.swift in Sources */ = {isa = PBXBuildFile; fileRef = 207C5EDA2B70F5830071F281 /* SceneDelegate.swift */; };
		207C5EDD2B70F5830071F281 /* ViewController.swift in Sources */ = {isa = PBXBuildFile; fileRef = 207C5EDC2B70F5830071F281 /* ViewController.swift */; };
		207C5EE02B70F5830071F281 /* Main.storyboard in Resources */ = {isa = PBXBuildFile; fileRef = 207C5EDE2B70F5830071F281 /* Main.storyboard */; };
		207C5EE22B70F5840071F281 /* Assets.xcassets in Resources */ = {isa = PBXBuildFile; fileRef = 207C5EE12B70F5840071F281 /* Assets.xcassets */; };
		207C5EE52B70F5840071F281 /* LaunchScreen.storyboard in Resources */ = {isa = PBXBuildFile; fileRef = 207C5EE32B70F5840071F281 /* LaunchScreen.storyboard */; };
		207C5EF02B70F5840071F281 /* Empik_ZadanieTests.swift in Sources */ = {isa = PBXBuildFile; fileRef = 207C5EEF2B70F5840071F281 /* Empik_ZadanieTests.swift */; };
		207C5EFA2B70F5840071F281 /* Empik_ZadanieUITests.swift in Sources */ = {isa = PBXBuildFile; fileRef = 207C5EF92B70F5840071F281 /* Empik_ZadanieUITests.swift */; };
		207C5EFC2B70F5840071F281 /* Empik_ZadanieUITestsLaunchTests.swift in Sources */ = {isa = PBXBuildFile; fileRef = 207C5EFB2B70F5840071F281 /* Empik_ZadanieUITestsLaunchTests.swift */; };
		207C5F0F2B70F6480071F281 /* APIManager.swift in Sources */ = {isa = PBXBuildFile; fileRef = 207C5F0B2B70F6480071F281 /* APIManager.swift */; };
		207C5F102B70F6480071F281 /* CitiesSearchViewModel.swift in Sources */ = {isa = PBXBuildFile; fileRef = 207C5F0C2B70F6480071F281 /* CitiesSearchViewModel.swift */; };
		207C5F142B70F98E0071F281 /* CitiesSearchViewController.swift in Sources */ = {isa = PBXBuildFile; fileRef = 207C5F122B70F98E0071F281 /* CitiesSearchViewController.swift */; };
		207C5F152B70F98E0071F281 /* CitiesSearchViewController.xib in Resources */ = {isa = PBXBuildFile; fileRef = 207C5F132B70F98E0071F281 /* CitiesSearchViewController.xib */; };
		207C5F172B70F9AB0071F281 /* CitiesSearchModel.swift in Sources */ = {isa = PBXBuildFile; fileRef = 207C5F162B70F9AB0071F281 /* CitiesSearchModel.swift */; };
		207C5F1B2B71015D0071F281 /* City.swift in Sources */ = {isa = PBXBuildFile; fileRef = 207C5F1A2B71015D0071F281 /* City.swift */; };
		207C5F1E2B7102EA0071F281 /* CitiesResponse.swift in Sources */ = {isa = PBXBuildFile; fileRef = 207C5F1D2B7102EA0071F281 /* CitiesResponse.swift */; };
		207C5F212B71033C0071F281 /* CitySearchRequest.swift in Sources */ = {isa = PBXBuildFile; fileRef = 207C5F202B71033C0071F281 /* CitySearchRequest.swift */; };
		207C5F232B7103680071F281 /* NetworkProtocol.swift in Sources */ = {isa = PBXBuildFile; fileRef = 207C5F222B7103680071F281 /* NetworkProtocol.swift */; };
		207C5F252B7103D60071F281 /* NetworkError.swift in Sources */ = {isa = PBXBuildFile; fileRef = 207C5F242B7103D60071F281 /* NetworkError.swift */; };
		207C5F272B7103FF0071F281 /* Network.swift in Sources */ = {isa = PBXBuildFile; fileRef = 207C5F262B7103FF0071F281 /* Network.swift */; };
		207C5F292B7104600071F281 /* ServiceProtocol.swift in Sources */ = {isa = PBXBuildFile; fileRef = 207C5F282B7104600071F281 /* ServiceProtocol.swift */; };
		207C5F2B2B71046A0071F281 /* Service.swift in Sources */ = {isa = PBXBuildFile; fileRef = 207C5F2A2B71046A0071F281 /* Service.swift */; };
		207C5F2D2B7136830071F281 /* Coordinator.swift in Sources */ = {isa = PBXBuildFile; fileRef = 207C5F2C2B7136830071F281 /* Coordinator.swift */; };
		207C5F2F2B7136B50071F281 /* AppCoordinator.swift in Sources */ = {isa = PBXBuildFile; fileRef = 207C5F2E2B7136B50071F281 /* AppCoordinator.swift */; };
		207C5F312B71388A0071F281 /* ViewModel.swift in Sources */ = {isa = PBXBuildFile; fileRef = 207C5F302B71388A0071F281 /* ViewModel.swift */; };
		207C5F362B713F4D0071F281 /* CitySearchViewCell.swift in Sources */ = {isa = PBXBuildFile; fileRef = 207C5F342B713F4D0071F281 /* CitySearchViewCell.swift */; };
		207C5F372B713F4D0071F281 /* CitySearchViewCell.xib in Resources */ = {isa = PBXBuildFile; fileRef = 207C5F352B713F4D0071F281 /* CitySearchViewCell.xib */; };
		207C5F392B7145AF0071F281 /* CitiesSearchCoordinator.swift in Sources */ = {isa = PBXBuildFile; fileRef = 207C5F382B7145AF0071F281 /* CitiesSearchCoordinator.swift */; };
		207C5F3D2B7147290071F281 /* WeatherViewController.swift in Sources */ = {isa = PBXBuildFile; fileRef = 207C5F3B2B7147290071F281 /* WeatherViewController.swift */; };
		207C5F3E2B7147290071F281 /* WeatherViewController.xib in Resources */ = {isa = PBXBuildFile; fileRef = 207C5F3C2B7147290071F281 /* WeatherViewController.xib */; };
		207C5F402B714D720071F281 /* Weather.swift in Sources */ = {isa = PBXBuildFile; fileRef = 207C5F3F2B714D720071F281 /* Weather.swift */; };
		207C5F422B7153740071F281 /* WeatherRequest.swift in Sources */ = {isa = PBXBuildFile; fileRef = 207C5F412B7153740071F281 /* WeatherRequest.swift */; };
		207C5F442B7153B30071F281 /* WeatherResponse.swift in Sources */ = {isa = PBXBuildFile; fileRef = 207C5F432B7153B30071F281 /* WeatherResponse.swift */; };
		207C5F462B71592A0071F281 /* WeatherCoordinator.swift in Sources */ = {isa = PBXBuildFile; fileRef = 207C5F452B71592A0071F281 /* WeatherCoordinator.swift */; };
		207C5F482B715B120071F281 /* WeatherViewModel.swift in Sources */ = {isa = PBXBuildFile; fileRef = 207C5F472B715B120071F281 /* WeatherViewModel.swift */; };
		207C5F4B2B716BE60071F281 /* WeatherHeaderCell.swift in Sources */ = {isa = PBXBuildFile; fileRef = 207C5F492B716BE60071F281 /* WeatherHeaderCell.swift */; };
		207C5F4C2B716BE60071F281 /* WeatherHeaderCell.xib in Resources */ = {isa = PBXBuildFile; fileRef = 207C5F4A2B716BE60071F281 /* WeatherHeaderCell.xib */; };
		207C5F4F2B7175F00071F281 /* weather.json in Resources */ = {isa = PBXBuildFile; fileRef = 207C5F4E2B7175F00071F281 /* weather.json */; };
		207C5F512B71764D0071F281 /* search.json in Resources */ = {isa = PBXBuildFile; fileRef = 207C5F502B71764D0071F281 /* search.json */; };
		207C5F532B7176A30071F281 /* DemoService.swift in Sources */ = {isa = PBXBuildFile; fileRef = 207C5F522B7176A30071F281 /* DemoService.swift */; };
		207C5F562B717C430071F281 /* ValueCell.swift in Sources */ = {isa = PBXBuildFile; fileRef = 207C5F542B717C430071F281 /* ValueCell.swift */; };
		207C5F572B717C430071F281 /* ValueCell.xib in Resources */ = {isa = PBXBuildFile; fileRef = 207C5F552B717C430071F281 /* ValueCell.xib */; };
		207C5F592B717CCB0071F281 /* NamedValue.swift in Sources */ = {isa = PBXBuildFile; fileRef = 207C5F582B717CCB0071F281 /* NamedValue.swift */; };
		207C5F5C2B7194CF0071F281 /* String.swift in Sources */ = {isa = PBXBuildFile; fileRef = 207C5F5B2B7194CF0071F281 /* String.swift */; };
		207C5F5F2B72870A0071F281 /* Storage.swift in Sources */ = {isa = PBXBuildFile; fileRef = 207C5F5E2B72870A0071F281 /* Storage.swift */; };
		207C5F612B728CA70071F281 /* Collection.swift in Sources */ = {isa = PBXBuildFile; fileRef = 207C5F602B728CA70071F281 /* Collection.swift */; };
		207C5F632B7292BE0071F281 /* StoredCity.swift in Sources */ = {isa = PBXBuildFile; fileRef = 207C5F622B7292BE0071F281 /* StoredCity.swift */; };
		207C5F662B7293080071F281 /* Storage.xcdatamodeld in Sources */ = {isa = PBXBuildFile; fileRef = 207C5F642B7293080071F281 /* Storage.xcdatamodeld */; };
		207C5F682B7296140071F281 /* CDStorage.swift in Sources */ = {isa = PBXBuildFile; fileRef = 207C5F672B7296140071F281 /* CDStorage.swift */; };
		207C5F6A2B72ACA00071F281 /* SearchBar.swift in Sources */ = {isa = PBXBuildFile; fileRef = 207C5F692B72ACA00071F281 /* SearchBar.swift */; };
/* End PBXBuildFile section */

/* Begin PBXContainerItemProxy section */
		207C5EEC2B70F5840071F281 /* PBXContainerItemProxy */ = {
			isa = PBXContainerItemProxy;
			containerPortal = 207C5ECD2B70F5830071F281 /* Project object */;
			proxyType = 1;
			remoteGlobalIDString = 207C5ED42B70F5830071F281;
			remoteInfo = Empik.Zadanie;
		};
		207C5EF62B70F5840071F281 /* PBXContainerItemProxy */ = {
			isa = PBXContainerItemProxy;
			containerPortal = 207C5ECD2B70F5830071F281 /* Project object */;
			proxyType = 1;
			remoteGlobalIDString = 207C5ED42B70F5830071F281;
			remoteInfo = Empik.Zadanie;
		};
/* End PBXContainerItemProxy section */

/* Begin PBXFileReference section */
		207C5ED52B70F5830071F281 /* Empik.Zadanie.app */ = {isa = PBXFileReference; explicitFileType = wrapper.application; includeInIndex = 0; path = Empik.Zadanie.app; sourceTree = BUILT_PRODUCTS_DIR; };
		207C5ED82B70F5830071F281 /* AppDelegate.swift */ = {isa = PBXFileReference; lastKnownFileType = sourcecode.swift; path = AppDelegate.swift; sourceTree = "<group>"; };
		207C5EDA2B70F5830071F281 /* SceneDelegate.swift */ = {isa = PBXFileReference; lastKnownFileType = sourcecode.swift; path = SceneDelegate.swift; sourceTree = "<group>"; };
		207C5EDC2B70F5830071F281 /* ViewController.swift */ = {isa = PBXFileReference; lastKnownFileType = sourcecode.swift; path = ViewController.swift; sourceTree = "<group>"; };
		207C5EDF2B70F5830071F281 /* Base */ = {isa = PBXFileReference; lastKnownFileType = file.storyboard; name = Base; path = Base.lproj/Main.storyboard; sourceTree = "<group>"; };
		207C5EE12B70F5840071F281 /* Assets.xcassets */ = {isa = PBXFileReference; lastKnownFileType = folder.assetcatalog; path = Assets.xcassets; sourceTree = "<group>"; };
		207C5EE42B70F5840071F281 /* Base */ = {isa = PBXFileReference; lastKnownFileType = file.storyboard; name = Base; path = Base.lproj/LaunchScreen.storyboard; sourceTree = "<group>"; };
		207C5EE62B70F5840071F281 /* Info.plist */ = {isa = PBXFileReference; lastKnownFileType = text.plist.xml; path = Info.plist; sourceTree = "<group>"; };
		207C5EEB2B70F5840071F281 /* Empik.ZadanieTests.xctest */ = {isa = PBXFileReference; explicitFileType = wrapper.cfbundle; includeInIndex = 0; path = Empik.ZadanieTests.xctest; sourceTree = BUILT_PRODUCTS_DIR; };
		207C5EEF2B70F5840071F281 /* Empik_ZadanieTests.swift */ = {isa = PBXFileReference; lastKnownFileType = sourcecode.swift; path = Empik_ZadanieTests.swift; sourceTree = "<group>"; };
		207C5EF52B70F5840071F281 /* Empik.ZadanieUITests.xctest */ = {isa = PBXFileReference; explicitFileType = wrapper.cfbundle; includeInIndex = 0; path = Empik.ZadanieUITests.xctest; sourceTree = BUILT_PRODUCTS_DIR; };
		207C5EF92B70F5840071F281 /* Empik_ZadanieUITests.swift */ = {isa = PBXFileReference; lastKnownFileType = sourcecode.swift; path = Empik_ZadanieUITests.swift; sourceTree = "<group>"; };
		207C5EFB2B70F5840071F281 /* Empik_ZadanieUITestsLaunchTests.swift */ = {isa = PBXFileReference; lastKnownFileType = sourcecode.swift; path = Empik_ZadanieUITestsLaunchTests.swift; sourceTree = "<group>"; };
		207C5F0B2B70F6480071F281 /* APIManager.swift */ = {isa = PBXFileReference; lastKnownFileType = sourcecode.swift; path = APIManager.swift; sourceTree = "<group>"; };
		207C5F0C2B70F6480071F281 /* CitiesSearchViewModel.swift */ = {isa = PBXFileReference; lastKnownFileType = sourcecode.swift; path = CitiesSearchViewModel.swift; sourceTree = "<group>"; };
		207C5F122B70F98E0071F281 /* CitiesSearchViewController.swift */ = {isa = PBXFileReference; lastKnownFileType = sourcecode.swift; path = CitiesSearchViewController.swift; sourceTree = "<group>"; };
		207C5F132B70F98E0071F281 /* CitiesSearchViewController.xib */ = {isa = PBXFileReference; lastKnownFileType = file.xib; path = CitiesSearchViewController.xib; sourceTree = "<group>"; };
		207C5F162B70F9AB0071F281 /* CitiesSearchModel.swift */ = {isa = PBXFileReference; lastKnownFileType = sourcecode.swift; path = CitiesSearchModel.swift; sourceTree = "<group>"; };
		207C5F1A2B71015D0071F281 /* City.swift */ = {isa = PBXFileReference; lastKnownFileType = sourcecode.swift; path = City.swift; sourceTree = "<group>"; };
		207C5F1D2B7102EA0071F281 /* CitiesResponse.swift */ = {isa = PBXFileReference; lastKnownFileType = sourcecode.swift; path = CitiesResponse.swift; sourceTree = "<group>"; };
		207C5F202B71033C0071F281 /* CitySearchRequest.swift */ = {isa = PBXFileReference; lastKnownFileType = sourcecode.swift; path = CitySearchRequest.swift; sourceTree = "<group>"; };
		207C5F222B7103680071F281 /* NetworkProtocol.swift */ = {isa = PBXFileReference; lastKnownFileType = sourcecode.swift; path = NetworkProtocol.swift; sourceTree = "<group>"; };
		207C5F242B7103D60071F281 /* NetworkError.swift */ = {isa = PBXFileReference; lastKnownFileType = sourcecode.swift; path = NetworkError.swift; sourceTree = "<group>"; };
		207C5F262B7103FF0071F281 /* Network.swift */ = {isa = PBXFileReference; lastKnownFileType = sourcecode.swift; path = Network.swift; sourceTree = "<group>"; };
		207C5F282B7104600071F281 /* ServiceProtocol.swift */ = {isa = PBXFileReference; lastKnownFileType = sourcecode.swift; path = ServiceProtocol.swift; sourceTree = "<group>"; };
		207C5F2A2B71046A0071F281 /* Service.swift */ = {isa = PBXFileReference; lastKnownFileType = sourcecode.swift; path = Service.swift; sourceTree = "<group>"; };
		207C5F2C2B7136830071F281 /* Coordinator.swift */ = {isa = PBXFileReference; lastKnownFileType = sourcecode.swift; path = Coordinator.swift; sourceTree = "<group>"; };
		207C5F2E2B7136B50071F281 /* AppCoordinator.swift */ = {isa = PBXFileReference; lastKnownFileType = sourcecode.swift; path = AppCoordinator.swift; sourceTree = "<group>"; };
		207C5F302B71388A0071F281 /* ViewModel.swift */ = {isa = PBXFileReference; lastKnownFileType = sourcecode.swift; path = ViewModel.swift; sourceTree = "<group>"; };
		207C5F342B713F4D0071F281 /* CitySearchViewCell.swift */ = {isa = PBXFileReference; lastKnownFileType = sourcecode.swift; path = CitySearchViewCell.swift; sourceTree = "<group>"; };
		207C5F352B713F4D0071F281 /* CitySearchViewCell.xib */ = {isa = PBXFileReference; lastKnownFileType = file.xib; path = CitySearchViewCell.xib; sourceTree = "<group>"; };
		207C5F382B7145AF0071F281 /* CitiesSearchCoordinator.swift */ = {isa = PBXFileReference; lastKnownFileType = sourcecode.swift; path = CitiesSearchCoordinator.swift; sourceTree = "<group>"; };
		207C5F3B2B7147290071F281 /* WeatherViewController.swift */ = {isa = PBXFileReference; lastKnownFileType = sourcecode.swift; path = WeatherViewController.swift; sourceTree = "<group>"; };
		207C5F3C2B7147290071F281 /* WeatherViewController.xib */ = {isa = PBXFileReference; lastKnownFileType = file.xib; path = WeatherViewController.xib; sourceTree = "<group>"; };
		207C5F3F2B714D720071F281 /* Weather.swift */ = {isa = PBXFileReference; lastKnownFileType = sourcecode.swift; path = Weather.swift; sourceTree = "<group>"; };
		207C5F412B7153740071F281 /* WeatherRequest.swift */ = {isa = PBXFileReference; lastKnownFileType = sourcecode.swift; path = WeatherRequest.swift; sourceTree = "<group>"; };
		207C5F432B7153B30071F281 /* WeatherResponse.swift */ = {isa = PBXFileReference; lastKnownFileType = sourcecode.swift; path = WeatherResponse.swift; sourceTree = "<group>"; };
		207C5F452B71592A0071F281 /* WeatherCoordinator.swift */ = {isa = PBXFileReference; lastKnownFileType = sourcecode.swift; path = WeatherCoordinator.swift; sourceTree = "<group>"; };
		207C5F472B715B120071F281 /* WeatherViewModel.swift */ = {isa = PBXFileReference; lastKnownFileType = sourcecode.swift; path = WeatherViewModel.swift; sourceTree = "<group>"; };
		207C5F492B716BE60071F281 /* WeatherHeaderCell.swift */ = {isa = PBXFileReference; lastKnownFileType = sourcecode.swift; path = WeatherHeaderCell.swift; sourceTree = "<group>"; };
		207C5F4A2B716BE60071F281 /* WeatherHeaderCell.xib */ = {isa = PBXFileReference; lastKnownFileType = file.xib; path = WeatherHeaderCell.xib; sourceTree = "<group>"; };
		207C5F4E2B7175F00071F281 /* weather.json */ = {isa = PBXFileReference; lastKnownFileType = text.json; path = weather.json; sourceTree = "<group>"; };
		207C5F502B71764D0071F281 /* search.json */ = {isa = PBXFileReference; lastKnownFileType = text.json; path = search.json; sourceTree = "<group>"; };
		207C5F522B7176A30071F281 /* DemoService.swift */ = {isa = PBXFileReference; lastKnownFileType = sourcecode.swift; path = DemoService.swift; sourceTree = "<group>"; };
		207C5F542B717C430071F281 /* ValueCell.swift */ = {isa = PBXFileReference; lastKnownFileType = sourcecode.swift; path = ValueCell.swift; sourceTree = "<group>"; };
		207C5F552B717C430071F281 /* ValueCell.xib */ = {isa = PBXFileReference; lastKnownFileType = file.xib; path = ValueCell.xib; sourceTree = "<group>"; };
		207C5F582B717CCB0071F281 /* NamedValue.swift */ = {isa = PBXFileReference; lastKnownFileType = sourcecode.swift; path = NamedValue.swift; sourceTree = "<group>"; };
		207C5F5B2B7194CF0071F281 /* String.swift */ = {isa = PBXFileReference; lastKnownFileType = sourcecode.swift; path = String.swift; sourceTree = "<group>"; };
		207C5F5E2B72870A0071F281 /* Storage.swift */ = {isa = PBXFileReference; lastKnownFileType = sourcecode.swift; path = Storage.swift; sourceTree = "<group>"; };
		207C5F602B728CA70071F281 /* Collection.swift */ = {isa = PBXFileReference; lastKnownFileType = sourcecode.swift; path = Collection.swift; sourceTree = "<group>"; };
		207C5F622B7292BE0071F281 /* StoredCity.swift */ = {isa = PBXFileReference; lastKnownFileType = sourcecode.swift; path = StoredCity.swift; sourceTree = "<group>"; };
		207C5F652B7293080071F281 /* Storage.xcdatamodel */ = {isa = PBXFileReference; lastKnownFileType = wrapper.xcdatamodel; path = Storage.xcdatamodel; sourceTree = "<group>"; };
		207C5F672B7296140071F281 /* CDStorage.swift */ = {isa = PBXFileReference; lastKnownFileType = sourcecode.swift; path = CDStorage.swift; sourceTree = "<group>"; };
		207C5F692B72ACA00071F281 /* SearchBar.swift */ = {isa = PBXFileReference; lastKnownFileType = sourcecode.swift; path = SearchBar.swift; sourceTree = "<group>"; };
/* End PBXFileReference section */

/* Begin PBXFrameworksBuildPhase section */
		207C5ED22B70F5830071F281 /* Frameworks */ = {
			isa = PBXFrameworksBuildPhase;
			buildActionMask = 2147483647;
			files = (
			);
			runOnlyForDeploymentPostprocessing = 0;
		};
		207C5EE82B70F5840071F281 /* Frameworks */ = {
			isa = PBXFrameworksBuildPhase;
			buildActionMask = 2147483647;
			files = (
			);
			runOnlyForDeploymentPostprocessing = 0;
		};
		207C5EF22B70F5840071F281 /* Frameworks */ = {
			isa = PBXFrameworksBuildPhase;
			buildActionMask = 2147483647;
			files = (
			);
			runOnlyForDeploymentPostprocessing = 0;
		};
/* End PBXFrameworksBuildPhase section */

/* Begin PBXGroup section */
		207C5ECC2B70F5830071F281 = {
			isa = PBXGroup;
			children = (
				207C5ED72B70F5830071F281 /* Empik.Zadanie */,
				207C5EEE2B70F5840071F281 /* Empik.ZadanieTests */,
				207C5EF82B70F5840071F281 /* Empik.ZadanieUITests */,
				207C5ED62B70F5830071F281 /* Products */,
			);
			sourceTree = "<group>";
		};
		207C5ED62B70F5830071F281 /* Products */ = {
			isa = PBXGroup;
			children = (
				207C5ED52B70F5830071F281 /* Empik.Zadanie.app */,
				207C5EEB2B70F5840071F281 /* Empik.ZadanieTests.xctest */,
				207C5EF52B70F5840071F281 /* Empik.ZadanieUITests.xctest */,
			);
			name = Products;
			sourceTree = "<group>";
		};
		207C5ED72B70F5830071F281 /* Empik.Zadanie */ = {
			isa = PBXGroup;
			children = (
				207C5F5A2B7194BD0071F281 /* Extensions */,
				207C5F082B70F5900071F281 /* UI */,
				207C5ED82B70F5830071F281 /* AppDelegate.swift */,
				207C5F182B70FA7D0071F281 /* Network */,
				207C5F192B70FA8A0071F281 /* Model */,
				207C5EDA2B70F5830071F281 /* SceneDelegate.swift */,
				207C5F4D2B7175D70071F281 /* Resources */,
				207C5F302B71388A0071F281 /* ViewModel.swift */,
				207C5F2C2B7136830071F281 /* Coordinator.swift */,
				207C5F2E2B7136B50071F281 /* AppCoordinator.swift */,
				207C5EDC2B70F5830071F281 /* ViewController.swift */,
				207C5EDE2B70F5830071F281 /* Main.storyboard */,
				207C5EE12B70F5840071F281 /* Assets.xcassets */,
				207C5F5D2B7286F00071F281 /* Storage */,
				207C5EE32B70F5840071F281 /* LaunchScreen.storyboard */,
				207C5EE62B70F5840071F281 /* Info.plist */,
			);
			path = Empik.Zadanie;
			sourceTree = "<group>";
		};
		207C5EEE2B70F5840071F281 /* Empik.ZadanieTests */ = {
			isa = PBXGroup;
			children = (
				207C5EEF2B70F5840071F281 /* Empik_ZadanieTests.swift */,
			);
			path = Empik.ZadanieTests;
			sourceTree = "<group>";
		};
		207C5EF82B70F5840071F281 /* Empik.ZadanieUITests */ = {
			isa = PBXGroup;
			children = (
				207C5EF92B70F5840071F281 /* Empik_ZadanieUITests.swift */,
				207C5EFB2B70F5840071F281 /* Empik_ZadanieUITestsLaunchTests.swift */,
			);
			path = Empik.ZadanieUITests;
			sourceTree = "<group>";
		};
		207C5F082B70F5900071F281 /* UI */ = {
			isa = PBXGroup;
			children = (
				207C5F322B713F180071F281 /* View */,
				207C5F112B70F95C0071F281 /* Cities Search */,
				207C5F3A2B7146CC0071F281 /* Weather */,
				207C5F0B2B70F6480071F281 /* APIManager.swift */,
			);
			path = UI;
			sourceTree = "<group>";
		};
		207C5F112B70F95C0071F281 /* Cities Search */ = {
			isa = PBXGroup;
			children = (
				207C5F122B70F98E0071F281 /* CitiesSearchViewController.swift */,
				207C5F132B70F98E0071F281 /* CitiesSearchViewController.xib */,
				207C5F162B70F9AB0071F281 /* CitiesSearchModel.swift */,
				207C5F0C2B70F6480071F281 /* CitiesSearchViewModel.swift */,
				207C5F382B7145AF0071F281 /* CitiesSearchCoordinator.swift */,
			);
			path = "Cities Search";
			sourceTree = "<group>";
		};
		207C5F182B70FA7D0071F281 /* Network */ = {
			isa = PBXGroup;
			children = (
				207C5F242B7103D60071F281 /* NetworkError.swift */,
				207C5F222B7103680071F281 /* NetworkProtocol.swift */,
				207C5F262B7103FF0071F281 /* Network.swift */,
				207C5F1F2B7103240071F281 /* Requests */,
				207C5F1C2B7102D70071F281 /* Responses */,
				207C5F282B7104600071F281 /* ServiceProtocol.swift */,
				207C5F2A2B71046A0071F281 /* Service.swift */,
				207C5F522B7176A30071F281 /* DemoService.swift */,
			);
			path = Network;
			sourceTree = "<group>";
		};
		207C5F192B70FA8A0071F281 /* Model */ = {
			isa = PBXGroup;
			children = (
				207C5F1A2B71015D0071F281 /* City.swift */,
				207C5F582B717CCB0071F281 /* NamedValue.swift */,
				207C5F3F2B714D720071F281 /* Weather.swift */,
			);
			path = Model;
			sourceTree = "<group>";
		};
		207C5F1C2B7102D70071F281 /* Responses */ = {
			isa = PBXGroup;
			children = (
				207C5F1D2B7102EA0071F281 /* CitiesResponse.swift */,
				207C5F432B7153B30071F281 /* WeatherResponse.swift */,
			);
			path = Responses;
			sourceTree = "<group>";
		};
		207C5F1F2B7103240071F281 /* Requests */ = {
			isa = PBXGroup;
			children = (
				207C5F202B71033C0071F281 /* CitySearchRequest.swift */,
				207C5F412B7153740071F281 /* WeatherRequest.swift */,
			);
			name = Requests;
			sourceTree = "<group>";
		};
		207C5F322B713F180071F281 /* View */ = {
			isa = PBXGroup;
			children = (
				207C5F332B713F1F0071F281 /* Cells */,
				207C5F692B72ACA00071F281 /* SearchBar.swift */,
			);
			path = View;
			sourceTree = "<group>";
		};
		207C5F332B713F1F0071F281 /* Cells */ = {
			isa = PBXGroup;
			children = (
				207C5F342B713F4D0071F281 /* CitySearchViewCell.swift */,
				207C5F352B713F4D0071F281 /* CitySearchViewCell.xib */,
				207C5F492B716BE60071F281 /* WeatherHeaderCell.swift */,
				207C5F4A2B716BE60071F281 /* WeatherHeaderCell.xib */,
				207C5F542B717C430071F281 /* ValueCell.swift */,
				207C5F552B717C430071F281 /* ValueCell.xib */,
			);
			path = Cells;
			sourceTree = "<group>";
		};
		207C5F3A2B7146CC0071F281 /* Weather */ = {
			isa = PBXGroup;
			children = (
				207C5F3B2B7147290071F281 /* WeatherViewController.swift */,
				207C5F452B71592A0071F281 /* WeatherCoordinator.swift */,
				207C5F3C2B7147290071F281 /* WeatherViewController.xib */,
				207C5F472B715B120071F281 /* WeatherViewModel.swift */,
			);
			path = Weather;
			sourceTree = "<group>";
		};
		207C5F4D2B7175D70071F281 /* Resources */ = {
			isa = PBXGroup;
			children = (
				207C5F4E2B7175F00071F281 /* weather.json */,
				207C5F502B71764D0071F281 /* search.json */,
			);
			path = Resources;
			sourceTree = "<group>";
		};
		207C5F5A2B7194BD0071F281 /* Extensions */ = {
			isa = PBXGroup;
			children = (
				207C5F5B2B7194CF0071F281 /* String.swift */,
				207C5F602B728CA70071F281 /* Collection.swift */,
			);
			path = Extensions;
			sourceTree = "<group>";
		};
		207C5F5D2B7286F00071F281 /* Storage */ = {
			isa = PBXGroup;
			children = (
				207C5F5E2B72870A0071F281 /* Storage.swift */,
				207C5F622B7292BE0071F281 /* StoredCity.swift */,
				207C5F672B7296140071F281 /* CDStorage.swift */,
				207C5F642B7293080071F281 /* Storage.xcdatamodeld */,
			);
			path = Storage;
			sourceTree = "<group>";
		};
/* End PBXGroup section */

/* Begin PBXNativeTarget section */
		207C5ED42B70F5830071F281 /* Empik.Zadanie */ = {
			isa = PBXNativeTarget;
			buildConfigurationList = 207C5EFF2B70F5840071F281 /* Build configuration list for PBXNativeTarget "Empik.Zadanie" */;
			buildPhases = (
				207C5ED12B70F5830071F281 /* Sources */,
				207C5ED22B70F5830071F281 /* Frameworks */,
				207C5ED32B70F5830071F281 /* Resources */,
			);
			buildRules = (
			);
			dependencies = (
			);
			name = Empik.Zadanie;
			productName = Empik.Zadanie;
			productReference = 207C5ED52B70F5830071F281 /* Empik.Zadanie.app */;
			productType = "com.apple.product-type.application";
		};
		207C5EEA2B70F5840071F281 /* Empik.ZadanieTests */ = {
			isa = PBXNativeTarget;
			buildConfigurationList = 207C5F022B70F5840071F281 /* Build configuration list for PBXNativeTarget "Empik.ZadanieTests" */;
			buildPhases = (
				207C5EE72B70F5840071F281 /* Sources */,
				207C5EE82B70F5840071F281 /* Frameworks */,
				207C5EE92B70F5840071F281 /* Resources */,
			);
			buildRules = (
			);
			dependencies = (
				207C5EED2B70F5840071F281 /* PBXTargetDependency */,
			);
			name = Empik.ZadanieTests;
			productName = Empik.ZadanieTests;
			productReference = 207C5EEB2B70F5840071F281 /* Empik.ZadanieTests.xctest */;
			productType = "com.apple.product-type.bundle.unit-test";
		};
		207C5EF42B70F5840071F281 /* Empik.ZadanieUITests */ = {
			isa = PBXNativeTarget;
			buildConfigurationList = 207C5F052B70F5840071F281 /* Build configuration list for PBXNativeTarget "Empik.ZadanieUITests" */;
			buildPhases = (
				207C5EF12B70F5840071F281 /* Sources */,
				207C5EF22B70F5840071F281 /* Frameworks */,
				207C5EF32B70F5840071F281 /* Resources */,
			);
			buildRules = (
			);
			dependencies = (
				207C5EF72B70F5840071F281 /* PBXTargetDependency */,
			);
			name = Empik.ZadanieUITests;
			productName = Empik.ZadanieUITests;
			productReference = 207C5EF52B70F5840071F281 /* Empik.ZadanieUITests.xctest */;
			productType = "com.apple.product-type.bundle.ui-testing";
		};
/* End PBXNativeTarget section */

/* Begin PBXProject section */
		207C5ECD2B70F5830071F281 /* Project object */ = {
			isa = PBXProject;
			attributes = {
				BuildIndependentTargetsInParallel = 1;
				LastSwiftUpdateCheck = 1430;
				LastUpgradeCheck = 1430;
				TargetAttributes = {
					207C5ED42B70F5830071F281 = {
						CreatedOnToolsVersion = 14.3.1;
					};
					207C5EEA2B70F5840071F281 = {
						CreatedOnToolsVersion = 14.3.1;
						TestTargetID = 207C5ED42B70F5830071F281;
					};
					207C5EF42B70F5840071F281 = {
						CreatedOnToolsVersion = 14.3.1;
						TestTargetID = 207C5ED42B70F5830071F281;
					};
				};
			};
			buildConfigurationList = 207C5ED02B70F5830071F281 /* Build configuration list for PBXProject "Empik.Zadanie" */;
			compatibilityVersion = "Xcode 14.0";
			developmentRegion = en;
			hasScannedForEncodings = 0;
			knownRegions = (
				en,
				Base,
			);
			mainGroup = 207C5ECC2B70F5830071F281;
			productRefGroup = 207C5ED62B70F5830071F281 /* Products */;
			projectDirPath = "";
			projectRoot = "";
			targets = (
				207C5ED42B70F5830071F281 /* Empik.Zadanie */,
				207C5EEA2B70F5840071F281 /* Empik.ZadanieTests */,
				207C5EF42B70F5840071F281 /* Empik.ZadanieUITests */,
			);
		};
/* End PBXProject section */

/* Begin PBXResourcesBuildPhase section */
		207C5ED32B70F5830071F281 /* Resources */ = {
			isa = PBXResourcesBuildPhase;
			buildActionMask = 2147483647;
			files = (
				207C5EE52B70F5840071F281 /* LaunchScreen.storyboard in Resources */,
				207C5F3E2B7147290071F281 /* WeatherViewController.xib in Resources */,
				207C5F4C2B716BE60071F281 /* WeatherHeaderCell.xib in Resources */,
				207C5F512B71764D0071F281 /* search.json in Resources */,
				207C5F372B713F4D0071F281 /* CitySearchViewCell.xib in Resources */,
				207C5F4F2B7175F00071F281 /* weather.json in Resources */,
				207C5F152B70F98E0071F281 /* CitiesSearchViewController.xib in Resources */,
				207C5F572B717C430071F281 /* ValueCell.xib in Resources */,
				207C5EE22B70F5840071F281 /* Assets.xcassets in Resources */,
				207C5EE02B70F5830071F281 /* Main.storyboard in Resources */,
			);
			runOnlyForDeploymentPostprocessing = 0;
		};
		207C5EE92B70F5840071F281 /* Resources */ = {
			isa = PBXResourcesBuildPhase;
			buildActionMask = 2147483647;
			files = (
			);
			runOnlyForDeploymentPostprocessing = 0;
		};
		207C5EF32B70F5840071F281 /* Resources */ = {
			isa = PBXResourcesBuildPhase;
			buildActionMask = 2147483647;
			files = (
			);
			runOnlyForDeploymentPostprocessing = 0;
		};
/* End PBXResourcesBuildPhase section */

/* Begin PBXSourcesBuildPhase section */
		207C5ED12B70F5830071F281 /* Sources */ = {
			isa = PBXSourcesBuildPhase;
			buildActionMask = 2147483647;
			files = (
				207C5F6A2B72ACA00071F281 /* SearchBar.swift in Sources */,
				207C5F2D2B7136830071F281 /* Coordinator.swift in Sources */,
				207C5F632B7292BE0071F281 /* StoredCity.swift in Sources */,
				207C5F482B715B120071F281 /* WeatherViewModel.swift in Sources */,
				207C5F0F2B70F6480071F281 /* APIManager.swift in Sources */,
				207C5F2F2B7136B50071F281 /* AppCoordinator.swift in Sources */,
				207C5F5C2B7194CF0071F281 /* String.swift in Sources */,
				207C5F362B713F4D0071F281 /* CitySearchViewCell.swift in Sources */,
				207C5F3D2B7147290071F281 /* WeatherViewController.swift in Sources */,
				207C5F142B70F98E0071F281 /* CitiesSearchViewController.swift in Sources */,
				207C5F1B2B71015D0071F281 /* City.swift in Sources */,
				207C5F442B7153B30071F281 /* WeatherResponse.swift in Sources */,
				207C5EDD2B70F5830071F281 /* ViewController.swift in Sources */,
				207C5F392B7145AF0071F281 /* CitiesSearchCoordinator.swift in Sources */,
				207C5F172B70F9AB0071F281 /* CitiesSearchModel.swift in Sources */,
				207C5ED92B70F5830071F281 /* AppDelegate.swift in Sources */,
				207C5F4B2B716BE60071F281 /* WeatherHeaderCell.swift in Sources */,
				207C5EDB2B70F5830071F281 /* SceneDelegate.swift in Sources */,
				207C5F422B7153740071F281 /* WeatherRequest.swift in Sources */,
				207C5F662B7293080071F281 /* Storage.xcdatamodeld in Sources */,
				207C5F232B7103680071F281 /* NetworkProtocol.swift in Sources */,
				207C5F612B728CA70071F281 /* Collection.swift in Sources */,
				207C5F592B717CCB0071F281 /* NamedValue.swift in Sources */,
				207C5F312B71388A0071F281 /* ViewModel.swift in Sources */,
				207C5F562B717C430071F281 /* ValueCell.swift in Sources */,
				207C5F532B7176A30071F281 /* DemoService.swift in Sources */,
				207C5F402B714D720071F281 /* Weather.swift in Sources */,
				207C5F2B2B71046A0071F281 /* Service.swift in Sources */,
				207C5F292B7104600071F281 /* ServiceProtocol.swift in Sources */,
				207C5F212B71033C0071F281 /* CitySearchRequest.swift in Sources */,
				207C5F462B71592A0071F281 /* WeatherCoordinator.swift in Sources */,
				207C5F682B7296140071F281 /* CDStorage.swift in Sources */,
				207C5F252B7103D60071F281 /* NetworkError.swift in Sources */,
				207C5F102B70F6480071F281 /* CitiesSearchViewModel.swift in Sources */,
				207C5F5F2B72870A0071F281 /* Storage.swift in Sources */,
				207C5F272B7103FF0071F281 /* Network.swift in Sources */,
				207C5F1E2B7102EA0071F281 /* CitiesResponse.swift in Sources */,
			);
			runOnlyForDeploymentPostprocessing = 0;
		};
		207C5EE72B70F5840071F281 /* Sources */ = {
			isa = PBXSourcesBuildPhase;
			buildActionMask = 2147483647;
			files = (
				207C5EF02B70F5840071F281 /* Empik_ZadanieTests.swift in Sources */,
			);
			runOnlyForDeploymentPostprocessing = 0;
		};
		207C5EF12B70F5840071F281 /* Sources */ = {
			isa = PBXSourcesBuildPhase;
			buildActionMask = 2147483647;
			files = (
				207C5EFC2B70F5840071F281 /* Empik_ZadanieUITestsLaunchTests.swift in Sources */,
				207C5EFA2B70F5840071F281 /* Empik_ZadanieUITests.swift in Sources */,
			);
			runOnlyForDeploymentPostprocessing = 0;
		};
/* End PBXSourcesBuildPhase section */

/* Begin PBXTargetDependency section */
		207C5EED2B70F5840071F281 /* PBXTargetDependency */ = {
			isa = PBXTargetDependency;
			target = 207C5ED42B70F5830071F281 /* Empik.Zadanie */;
			targetProxy = 207C5EEC2B70F5840071F281 /* PBXContainerItemProxy */;
		};
		207C5EF72B70F5840071F281 /* PBXTargetDependency */ = {
			isa = PBXTargetDependency;
			target = 207C5ED42B70F5830071F281 /* Empik.Zadanie */;
			targetProxy = 207C5EF62B70F5840071F281 /* PBXContainerItemProxy */;
		};
/* End PBXTargetDependency section */

/* Begin PBXVariantGroup section */
		207C5EDE2B70F5830071F281 /* Main.storyboard */ = {
			isa = PBXVariantGroup;
			children = (
				207C5EDF2B70F5830071F281 /* Base */,
			);
			name = Main.storyboard;
			sourceTree = "<group>";
		};
		207C5EE32B70F5840071F281 /* LaunchScreen.storyboard */ = {
			isa = PBXVariantGroup;
			children = (
				207C5EE42B70F5840071F281 /* Base */,
			);
			name = LaunchScreen.storyboard;
			sourceTree = "<group>";
		};
/* End PBXVariantGroup section */

/* Begin XCBuildConfiguration section */
		207C5EFD2B70F5840071F281 /* Debug */ = {
			isa = XCBuildConfiguration;
			buildSettings = {
				ALWAYS_SEARCH_USER_PATHS = NO;
				CLANG_ANALYZER_NONNULL = YES;
				CLANG_ANALYZER_NUMBER_OBJECT_CONVERSION = YES_AGGRESSIVE;
				CLANG_CXX_LANGUAGE_STANDARD = "gnu++20";
				CLANG_ENABLE_MODULES = YES;
				CLANG_ENABLE_OBJC_ARC = YES;
				CLANG_ENABLE_OBJC_WEAK = YES;
				CLANG_WARN_BLOCK_CAPTURE_AUTORELEASING = YES;
				CLANG_WARN_BOOL_CONVERSION = YES;
				CLANG_WARN_COMMA = YES;
				CLANG_WARN_CONSTANT_CONVERSION = YES;
				CLANG_WARN_DEPRECATED_OBJC_IMPLEMENTATIONS = YES;
				CLANG_WARN_DIRECT_OBJC_ISA_USAGE = YES_ERROR;
				CLANG_WARN_DOCUMENTATION_COMMENTS = YES;
				CLANG_WARN_EMPTY_BODY = YES;
				CLANG_WARN_ENUM_CONVERSION = YES;
				CLANG_WARN_INFINITE_RECURSION = YES;
				CLANG_WARN_INT_CONVERSION = YES;
				CLANG_WARN_NON_LITERAL_NULL_CONVERSION = YES;
				CLANG_WARN_OBJC_IMPLICIT_RETAIN_SELF = YES;
				CLANG_WARN_OBJC_LITERAL_CONVERSION = YES;
				CLANG_WARN_OBJC_ROOT_CLASS = YES_ERROR;
				CLANG_WARN_QUOTED_INCLUDE_IN_FRAMEWORK_HEADER = YES;
				CLANG_WARN_RANGE_LOOP_ANALYSIS = YES;
				CLANG_WARN_STRICT_PROTOTYPES = YES;
				CLANG_WARN_SUSPICIOUS_MOVE = YES;
				CLANG_WARN_UNGUARDED_AVAILABILITY = YES_AGGRESSIVE;
				CLANG_WARN_UNREACHABLE_CODE = YES;
				CLANG_WARN__DUPLICATE_METHOD_MATCH = YES;
				COPY_PHASE_STRIP = NO;
				DEBUG_INFORMATION_FORMAT = dwarf;
				ENABLE_STRICT_OBJC_MSGSEND = YES;
				ENABLE_TESTABILITY = YES;
				GCC_C_LANGUAGE_STANDARD = gnu11;
				GCC_DYNAMIC_NO_PIC = NO;
				GCC_NO_COMMON_BLOCKS = YES;
				GCC_OPTIMIZATION_LEVEL = 0;
				GCC_PREPROCESSOR_DEFINITIONS = (
					"DEBUG=1",
					"$(inherited)",
				);
				GCC_WARN_64_TO_32_BIT_CONVERSION = YES;
				GCC_WARN_ABOUT_RETURN_TYPE = YES_ERROR;
				GCC_WARN_UNDECLARED_SELECTOR = YES;
				GCC_WARN_UNINITIALIZED_AUTOS = YES_AGGRESSIVE;
				GCC_WARN_UNUSED_FUNCTION = YES;
				GCC_WARN_UNUSED_VARIABLE = YES;
				IPHONEOS_DEPLOYMENT_TARGET = 16.4;
				MTL_ENABLE_DEBUG_INFO = INCLUDE_SOURCE;
				MTL_FAST_MATH = YES;
				ONLY_ACTIVE_ARCH = YES;
				SDKROOT = iphoneos;
				SWIFT_ACTIVE_COMPILATION_CONDITIONS = DEBUG;
				SWIFT_OPTIMIZATION_LEVEL = "-Onone";
			};
			name = Debug;
		};
		207C5EFE2B70F5840071F281 /* Release */ = {
			isa = XCBuildConfiguration;
			buildSettings = {
				ALWAYS_SEARCH_USER_PATHS = NO;
				CLANG_ANALYZER_NONNULL = YES;
				CLANG_ANALYZER_NUMBER_OBJECT_CONVERSION = YES_AGGRESSIVE;
				CLANG_CXX_LANGUAGE_STANDARD = "gnu++20";
				CLANG_ENABLE_MODULES = YES;
				CLANG_ENABLE_OBJC_ARC = YES;
				CLANG_ENABLE_OBJC_WEAK = YES;
				CLANG_WARN_BLOCK_CAPTURE_AUTORELEASING = YES;
				CLANG_WARN_BOOL_CONVERSION = YES;
				CLANG_WARN_COMMA = YES;
				CLANG_WARN_CONSTANT_CONVERSION = YES;
				CLANG_WARN_DEPRECATED_OBJC_IMPLEMENTATIONS = YES;
				CLANG_WARN_DIRECT_OBJC_ISA_USAGE = YES_ERROR;
				CLANG_WARN_DOCUMENTATION_COMMENTS = YES;
				CLANG_WARN_EMPTY_BODY = YES;
				CLANG_WARN_ENUM_CONVERSION = YES;
				CLANG_WARN_INFINITE_RECURSION = YES;
				CLANG_WARN_INT_CONVERSION = YES;
				CLANG_WARN_NON_LITERAL_NULL_CONVERSION = YES;
				CLANG_WARN_OBJC_IMPLICIT_RETAIN_SELF = YES;
				CLANG_WARN_OBJC_LITERAL_CONVERSION = YES;
				CLANG_WARN_OBJC_ROOT_CLASS = YES_ERROR;
				CLANG_WARN_QUOTED_INCLUDE_IN_FRAMEWORK_HEADER = YES;
				CLANG_WARN_RANGE_LOOP_ANALYSIS = YES;
				CLANG_WARN_STRICT_PROTOTYPES = YES;
				CLANG_WARN_SUSPICIOUS_MOVE = YES;
				CLANG_WARN_UNGUARDED_AVAILABILITY = YES_AGGRESSIVE;
				CLANG_WARN_UNREACHABLE_CODE = YES;
				CLANG_WARN__DUPLICATE_METHOD_MATCH = YES;
				COPY_PHASE_STRIP = NO;
				DEBUG_INFORMATION_FORMAT = "dwarf-with-dsym";
				ENABLE_NS_ASSERTIONS = NO;
				ENABLE_STRICT_OBJC_MSGSEND = YES;
				GCC_C_LANGUAGE_STANDARD = gnu11;
				GCC_NO_COMMON_BLOCKS = YES;
				GCC_WARN_64_TO_32_BIT_CONVERSION = YES;
				GCC_WARN_ABOUT_RETURN_TYPE = YES_ERROR;
				GCC_WARN_UNDECLARED_SELECTOR = YES;
				GCC_WARN_UNINITIALIZED_AUTOS = YES_AGGRESSIVE;
				GCC_WARN_UNUSED_FUNCTION = YES;
				GCC_WARN_UNUSED_VARIABLE = YES;
				IPHONEOS_DEPLOYMENT_TARGET = 16.4;
				MTL_ENABLE_DEBUG_INFO = NO;
				MTL_FAST_MATH = YES;
				SDKROOT = iphoneos;
				SWIFT_COMPILATION_MODE = wholemodule;
				SWIFT_OPTIMIZATION_LEVEL = "-O";
				VALIDATE_PRODUCT = YES;
			};
			name = Release;
		};
		207C5F002B70F5840071F281 /* Debug */ = {
			isa = XCBuildConfiguration;
			buildSettings = {
				ASSETCATALOG_COMPILER_APPICON_NAME = AppIcon;
				ASSETCATALOG_COMPILER_GLOBAL_ACCENT_COLOR_NAME = AccentColor;
				CODE_SIGN_STYLE = Automatic;
				CURRENT_PROJECT_VERSION = 1;
				DEVELOPMENT_TEAM = KY29R9E9M6;
				GENERATE_INFOPLIST_FILE = YES;
				INFOPLIST_FILE = Empik.Zadanie/Info.plist;
				INFOPLIST_KEY_UIApplicationSupportsIndirectInputEvents = YES;
				INFOPLIST_KEY_UILaunchStoryboardName = LaunchScreen;
				INFOPLIST_KEY_UIMainStoryboardFile = Main;
				INFOPLIST_KEY_UISupportedInterfaceOrientations_iPad = "UIInterfaceOrientationPortrait UIInterfaceOrientationPortraitUpsideDown UIInterfaceOrientationLandscapeLeft UIInterfaceOrientationLandscapeRight";
				INFOPLIST_KEY_UISupportedInterfaceOrientations_iPhone = "UIInterfaceOrientationPortrait UIInterfaceOrientationLandscapeLeft UIInterfaceOrientationLandscapeRight";
				LD_RUNPATH_SEARCH_PATHS = (
					"$(inherited)",
					"@executable_path/Frameworks",
				);
				MARKETING_VERSION = 1.0;
				PRODUCT_BUNDLE_IDENTIFIER = "ab.Empik-Zadanie";
				PRODUCT_NAME = "$(TARGET_NAME)";
				SWIFT_EMIT_LOC_STRINGS = YES;
				SWIFT_VERSION = 5.0;
				TARGETED_DEVICE_FAMILY = "1,2";
			};
			name = Debug;
		};
		207C5F012B70F5840071F281 /* Release */ = {
			isa = XCBuildConfiguration;
			buildSettings = {
				ASSETCATALOG_COMPILER_APPICON_NAME = AppIcon;
				ASSETCATALOG_COMPILER_GLOBAL_ACCENT_COLOR_NAME = AccentColor;
				CODE_SIGN_STYLE = Automatic;
				CURRENT_PROJECT_VERSION = 1;
				DEVELOPMENT_TEAM = KY29R9E9M6;
				GENERATE_INFOPLIST_FILE = YES;
				INFOPLIST_FILE = Empik.Zadanie/Info.plist;
				INFOPLIST_KEY_UIApplicationSupportsIndirectInputEvents = YES;
				INFOPLIST_KEY_UILaunchStoryboardName = LaunchScreen;
				INFOPLIST_KEY_UIMainStoryboardFile = Main;
				INFOPLIST_KEY_UISupportedInterfaceOrientations_iPad = "UIInterfaceOrientationPortrait UIInterfaceOrientationPortraitUpsideDown UIInterfaceOrientationLandscapeLeft UIInterfaceOrientationLandscapeRight";
				INFOPLIST_KEY_UISupportedInterfaceOrientations_iPhone = "UIInterfaceOrientationPortrait UIInterfaceOrientationLandscapeLeft UIInterfaceOrientationLandscapeRight";
				LD_RUNPATH_SEARCH_PATHS = (
					"$(inherited)",
					"@executable_path/Frameworks",
				);
				MARKETING_VERSION = 1.0;
				PRODUCT_BUNDLE_IDENTIFIER = "ab.Empik-Zadanie";
				PRODUCT_NAME = "$(TARGET_NAME)";
				SWIFT_EMIT_LOC_STRINGS = YES;
				SWIFT_VERSION = 5.0;
				TARGETED_DEVICE_FAMILY = "1,2";
			};
			name = Release;
		};
		207C5F032B70F5840071F281 /* Debug */ = {
			isa = XCBuildConfiguration;
			buildSettings = {
				ALWAYS_EMBED_SWIFT_STANDARD_LIBRARIES = YES;
				BUNDLE_LOADER = "$(TEST_HOST)";
				CODE_SIGN_STYLE = Automatic;
				CURRENT_PROJECT_VERSION = 1;
				DEVELOPMENT_TEAM = KY29R9E9M6;
				GENERATE_INFOPLIST_FILE = YES;
				IPHONEOS_DEPLOYMENT_TARGET = 16.4;
				MARKETING_VERSION = 1.0;
				PRODUCT_BUNDLE_IDENTIFIER = "ab.Empik-ZadanieTests";
				PRODUCT_NAME = "$(TARGET_NAME)";
				SWIFT_EMIT_LOC_STRINGS = NO;
				SWIFT_VERSION = 5.0;
				TARGETED_DEVICE_FAMILY = "1,2";
				TEST_HOST = "$(BUILT_PRODUCTS_DIR)/Empik.Zadanie.app/$(BUNDLE_EXECUTABLE_FOLDER_PATH)/Empik.Zadanie";
			};
			name = Debug;
		};
		207C5F042B70F5840071F281 /* Release */ = {
			isa = XCBuildConfiguration;
			buildSettings = {
				ALWAYS_EMBED_SWIFT_STANDARD_LIBRARIES = YES;
				BUNDLE_LOADER = "$(TEST_HOST)";
				CODE_SIGN_STYLE = Automatic;
				CURRENT_PROJECT_VERSION = 1;
				DEVELOPMENT_TEAM = KY29R9E9M6;
				GENERATE_INFOPLIST_FILE = YES;
				IPHONEOS_DEPLOYMENT_TARGET = 16.4;
				MARKETING_VERSION = 1.0;
				PRODUCT_BUNDLE_IDENTIFIER = "ab.Empik-ZadanieTests";
				PRODUCT_NAME = "$(TARGET_NAME)";
				SWIFT_EMIT_LOC_STRINGS = NO;
				SWIFT_VERSION = 5.0;
				TARGETED_DEVICE_FAMILY = "1,2";
				TEST_HOST = "$(BUILT_PRODUCTS_DIR)/Empik.Zadanie.app/$(BUNDLE_EXECUTABLE_FOLDER_PATH)/Empik.Zadanie";
			};
			name = Release;
		};
		207C5F062B70F5840071F281 /* Debug */ = {
			isa = XCBuildConfiguration;
			buildSettings = {
				ALWAYS_EMBED_SWIFT_STANDARD_LIBRARIES = YES;
				CODE_SIGN_STYLE = Automatic;
				CURRENT_PROJECT_VERSION = 1;
				DEVELOPMENT_TEAM = KY29R9E9M6;
				GENERATE_INFOPLIST_FILE = YES;
				MARKETING_VERSION = 1.0;
				PRODUCT_BUNDLE_IDENTIFIER = "ab.Empik-ZadanieUITests";
				PRODUCT_NAME = "$(TARGET_NAME)";
				SWIFT_EMIT_LOC_STRINGS = NO;
				SWIFT_VERSION = 5.0;
				TARGETED_DEVICE_FAMILY = "1,2";
				TEST_TARGET_NAME = Empik.Zadanie;
			};
			name = Debug;
		};
		207C5F072B70F5840071F281 /* Release */ = {
			isa = XCBuildConfiguration;
			buildSettings = {
				ALWAYS_EMBED_SWIFT_STANDARD_LIBRARIES = YES;
				CODE_SIGN_STYLE = Automatic;
				CURRENT_PROJECT_VERSION = 1;
				DEVELOPMENT_TEAM = KY29R9E9M6;
				GENERATE_INFOPLIST_FILE = YES;
				MARKETING_VERSION = 1.0;
				PRODUCT_BUNDLE_IDENTIFIER = "ab.Empik-ZadanieUITests";
				PRODUCT_NAME = "$(TARGET_NAME)";
				SWIFT_EMIT_LOC_STRINGS = NO;
				SWIFT_VERSION = 5.0;
				TARGETED_DEVICE_FAMILY = "1,2";
				TEST_TARGET_NAME = Empik.Zadanie;
			};
			name = Release;
		};
/* End XCBuildConfiguration section */

/* Begin XCConfigurationList section */
		207C5ED02B70F5830071F281 /* Build configuration list for PBXProject "Empik.Zadanie" */ = {
			isa = XCConfigurationList;
			buildConfigurations = (
				207C5EFD2B70F5840071F281 /* Debug */,
				207C5EFE2B70F5840071F281 /* Release */,
			);
			defaultConfigurationIsVisible = 0;
			defaultConfigurationName = Release;
		};
		207C5EFF2B70F5840071F281 /* Build configuration list for PBXNativeTarget "Empik.Zadanie" */ = {
			isa = XCConfigurationList;
			buildConfigurations = (
				207C5F002B70F5840071F281 /* Debug */,
				207C5F012B70F5840071F281 /* Release */,
			);
			defaultConfigurationIsVisible = 0;
			defaultConfigurationName = Release;
		};
		207C5F022B70F5840071F281 /* Build configuration list for PBXNativeTarget "Empik.ZadanieTests" */ = {
			isa = XCConfigurationList;
			buildConfigurations = (
				207C5F032B70F5840071F281 /* Debug */,
				207C5F042B70F5840071F281 /* Release */,
			);
			defaultConfigurationIsVisible = 0;
			defaultConfigurationName = Release;
		};
		207C5F052B70F5840071F281 /* Build configuration list for PBXNativeTarget "Empik.ZadanieUITests" */ = {
			isa = XCConfigurationList;
			buildConfigurations = (
				207C5F062B70F5840071F281 /* Debug */,
				207C5F072B70F5840071F281 /* Release */,
			);
			defaultConfigurationIsVisible = 0;
			defaultConfigurationName = Release;
		};
/* End XCConfigurationList section */

/* Begin XCVersionGroup section */
		207C5F642B7293080071F281 /* Storage.xcdatamodeld */ = {
			isa = XCVersionGroup;
			children = (
				207C5F652B7293080071F281 /* Storage.xcdatamodel */,
			);
			currentVersion = 207C5F652B7293080071F281 /* Storage.xcdatamodel */;
			path = Storage.xcdatamodeld;
			sourceTree = "<group>";
			versionGroupType = wrapper.xcdatamodel;
		};
/* End XCVersionGroup section */
	};
	rootObject = 207C5ECD2B70F5830071F281 /* Project object */;
}
